
Microsoft Visual Studio Solution File, Format Version 12.00
# Visual Studio 15
VisualStudioVersion = 15.0.28307.168
MinimumVisualStudioVersion = 10.0.40219.1
Project("{FAE04EC0-301F-11D3-BF4B-00C04F79EFBC}") = "01.Variables", "1.Variables\01.Variables.csproj", "{2362A8B9-3D9D-4919-BBC0-F6CFA39BBCB3}"
EndProject
Project("{FAE04EC0-301F-11D3-BF4B-00C04F79EFBC}") = "03.FloatingPointDataTypes", "FloatingPointDataTypes\03.FloatingPointDataTypes.csproj", "{851FEE79-06DC-4CF8-8259-5C54467530A6}"
EndProject
Project("{FAE04EC0-301F-11D3-BF4B-00C04F79EFBC}") = "04.Characters", "04.Characters\04.Characters.csproj", "{B2F7FE70-2EED-47C6-97E1-3F580762DBBF}"
EndProject
Project("{FAE04EC0-301F-11D3-BF4B-00C04F79EFBC}") = "05.Strings", "05.Strings\05.Strings.csproj", "{29721966-26B2-4A09-AE60-69D181E9B30E}"
EndProject
Project("{FAE04EC0-301F-11D3-BF4B-00C04F79EFBC}") = "06.Arrays", "06.Arrays\06.Arrays.csproj", "{90F52E82-8B6C-4439-B5BE-0883CDF6712B}"
EndProject
Project("{FAE04EC0-301F-11D3-BF4B-00C04F79EFBC}") = "07.BuildingStrings", "buildingStrings\07.BuildingStrings.csproj", "{9B030077-A46D-4C24-8C2D-FCD50E8630C2}"
EndProject
Project("{FAE04EC0-301F-11D3-BF4B-00C04F79EFBC}") = "08.SpecialCharacters", "08.SpecialCharacters\08.SpecialCharacters.csproj", "{5ADADB09-1F27-49A8-A558-F36A3F2027BF}"
EndProject
Project("{FAE04EC0-301F-11D3-BF4B-00C04F79EFBC}") = "09.IfElse", "09.IfElse\09.IfElse.csproj", "{BFED53C0-2250-46CB-AC97-3814F029C5D3}"
EndProject
Project("{FAE04EC0-301F-11D3-BF4B-00C04F79EFBC}") = "10.Switch", "10.Switch\10.Switch.csproj", "{9E3D776C-FAC6-41B3-AF53-424F828AA23A}"
EndProject
Project("{FAE04EC0-301F-11D3-BF4B-00C04F79EFBC}") = "11.WhileLoop", "11.WhileLoop\11.WhileLoop.csproj", "{2490FE02-EA78-4841-A855-CD248E44B4F8}"
EndProject
Project("{FAE04EC0-301F-11D3-BF4B-00C04F79EFBC}") = "12.MiniWhileGame", "12.MiniWhileGame\12.MiniWhileGame.csproj", "{C32D86B8-24B2-4FDF-9972-9E1AB87FF2CC}"
EndProject
Project("{FAE04EC0-301F-11D3-BF4B-00C04F79EFBC}") = "13.ForLoop", "13.ForLoop\13.ForLoop.csproj", "{1AC668C5-9A1D-487B-A931-B95B1D39B8BB}"
EndProject
Project("{FAE04EC0-301F-11D3-BF4B-00C04F79EFBC}") = "14.MethodsOverloading", "14.Methods\14.MethodsOverloading.csproj", "{67DA0EFB-2279-42DB-9CED-336EF3E3B16E}"
EndProject
Project("{FAE04EC0-301F-11D3-BF4B-00C04F79EFBC}") = "15.ArraysOutputting", "15.ArraysOutputting\15.ArraysOutputting.csproj", "{24BE409A-47A3-45CC-B7F8-87D78B8845D8}"
EndProject
Global
	GlobalSection(SolutionConfigurationPlatforms) = preSolution
		Debug|Any CPU = Debug|Any CPU
		Release|Any CPU = Release|Any CPU
	EndGlobalSection
	GlobalSection(ProjectConfigurationPlatforms) = postSolution
		{2362A8B9-3D9D-4919-BBC0-F6CFA39BBCB3}.Debug|Any CPU.ActiveCfg = Debug|Any CPU
		{2362A8B9-3D9D-4919-BBC0-F6CFA39BBCB3}.Debug|Any CPU.Build.0 = Debug|Any CPU
		{2362A8B9-3D9D-4919-BBC0-F6CFA39BBCB3}.Release|Any CPU.ActiveCfg = Release|Any CPU
		{2362A8B9-3D9D-4919-BBC0-F6CFA39BBCB3}.Release|Any CPU.Build.0 = Release|Any CPU
		{851FEE79-06DC-4CF8-8259-5C54467530A6}.Debug|Any CPU.ActiveCfg = Debug|Any CPU
		{851FEE79-06DC-4CF8-8259-5C54467530A6}.Debug|Any CPU.Build.0 = Debug|Any CPU
		{851FEE79-06DC-4CF8-8259-5C54467530A6}.Release|Any CPU.ActiveCfg = Release|Any CPU
		{851FEE79-06DC-4CF8-8259-5C54467530A6}.Release|Any CPU.Build.0 = Release|Any CPU
		{B2F7FE70-2EED-47C6-97E1-3F580762DBBF}.Debug|Any CPU.ActiveCfg = Debug|Any CPU
		{B2F7FE70-2EED-47C6-97E1-3F580762DBBF}.Debug|Any CPU.Build.0 = Debug|Any CPU
		{B2F7FE70-2EED-47C6-97E1-3F580762DBBF}.Release|Any CPU.ActiveCfg = Release|Any CPU
		{B2F7FE70-2EED-47C6-97E1-3F580762DBBF}.Release|Any CPU.Build.0 = Release|Any CPU
		{29721966-26B2-4A09-AE60-69D181E9B30E}.Debug|Any CPU.ActiveCfg = Debug|Any CPU
		{29721966-26B2-4A09-AE60-69D181E9B30E}.Debug|Any CPU.Build.0 = Debug|Any CPU
		{29721966-26B2-4A09-AE60-69D181E9B30E}.Release|Any CPU.ActiveCfg = Release|Any CPU
		{29721966-26B2-4A09-AE60-69D181E9B30E}.Release|Any CPU.Build.0 = Release|Any CPU
		{90F52E82-8B6C-4439-B5BE-0883CDF6712B}.Debug|Any CPU.ActiveCfg = Debug|Any CPU
		{90F52E82-8B6C-4439-B5BE-0883CDF6712B}.Debug|Any CPU.Build.0 = Debug|Any CPU
		{90F52E82-8B6C-4439-B5BE-0883CDF6712B}.Release|Any CPU.ActiveCfg = Release|Any CPU
		{90F52E82-8B6C-4439-B5BE-0883CDF6712B}.Release|Any CPU.Build.0 = Release|Any CPU
		{9B030077-A46D-4C24-8C2D-FCD50E8630C2}.Debug|Any CPU.ActiveCfg = Debug|Any CPU
		{9B030077-A46D-4C24-8C2D-FCD50E8630C2}.Debug|Any CPU.Build.0 = Debug|Any CPU
		{9B030077-A46D-4C24-8C2D-FCD50E8630C2}.Release|Any CPU.ActiveCfg = Release|Any CPU
		{9B030077-A46D-4C24-8C2D-FCD50E8630C2}.Release|Any CPU.Build.0 = Release|Any CPU
		{5ADADB09-1F27-49A8-A558-F36A3F2027BF}.Debug|Any CPU.ActiveCfg = Debug|Any CPU
		{5ADADB09-1F27-49A8-A558-F36A3F2027BF}.Debug|Any CPU.Build.0 = Debug|Any CPU
		{5ADADB09-1F27-49A8-A558-F36A3F2027BF}.Release|Any CPU.ActiveCfg = Release|Any CPU
		{5ADADB09-1F27-49A8-A558-F36A3F2027BF}.Release|Any CPU.Build.0 = Release|Any CPU
		{BFED53C0-2250-46CB-AC97-3814F029C5D3}.Debug|Any CPU.ActiveCfg = Debug|Any CPU
		{BFED53C0-2250-46CB-AC97-3814F029C5D3}.Debug|Any CPU.Build.0 = Debug|Any CPU
		{BFED53C0-2250-46CB-AC97-3814F029C5D3}.Release|Any CPU.ActiveCfg = Release|Any CPU
		{BFED53C0-2250-46CB-AC97-3814F029C5D3}.Release|Any CPU.Build.0 = Release|Any CPU
		{9E3D776C-FAC6-41B3-AF53-424F828AA23A}.Debug|Any CPU.ActiveCfg = Debug|Any CPU
		{9E3D776C-FAC6-41B3-AF53-424F828AA23A}.Debug|Any CPU.Build.0 = Debug|Any CPU
		{9E3D776C-FAC6-41B3-AF53-424F828AA23A}.Release|Any CPU.ActiveCfg = Release|Any CPU
		{9E3D776C-FAC6-41B3-AF53-424F828AA23A}.Release|Any CPU.Build.0 = Release|Any CPU
		{2490FE02-EA78-4841-A855-CD248E44B4F8}.Debug|Any CPU.ActiveCfg = Debug|Any CPU
		{2490FE02-EA78-4841-A855-CD248E44B4F8}.Debug|Any CPU.Build.0 = Debug|Any CPU
		{2490FE02-EA78-4841-A855-CD248E44B4F8}.Release|Any CPU.ActiveCfg = Release|Any CPU
		{2490FE02-EA78-4841-A855-CD248E44B4F8}.Release|Any CPU.Build.0 = Release|Any CPU
		{C32D86B8-24B2-4FDF-9972-9E1AB87FF2CC}.Debug|Any CPU.ActiveCfg = Debug|Any CPU
		{C32D86B8-24B2-4FDF-9972-9E1AB87FF2CC}.Debug|Any CPU.Build.0 = Debug|Any CPU
		{C32D86B8-24B2-4FDF-9972-9E1AB87FF2CC}.Release|Any CPU.ActiveCfg = Release|Any CPU
		{C32D86B8-24B2-4FDF-9972-9E1AB87FF2CC}.Release|Any CPU.Build.0 = Release|Any CPU
		{1AC668C5-9A1D-487B-A931-B95B1D39B8BB}.Debug|Any CPU.ActiveCfg = Debug|Any CPU
		{1AC668C5-9A1D-487B-A931-B95B1D39B8BB}.Debug|Any CPU.Build.0 = Debug|Any CPU
		{1AC668C5-9A1D-487B-A931-B95B1D39B8BB}.Release|Any CPU.ActiveCfg = Release|Any CPU
		{1AC668C5-9A1D-487B-A931-B95B1D39B8BB}.Release|Any CPU.Build.0 = Release|Any CPU
		{67DA0EFB-2279-42DB-9CED-336EF3E3B16E}.Debug|Any CPU.ActiveCfg = Debug|Any CPU
		{67DA0EFB-2279-42DB-9CED-336EF3E3B16E}.Debug|Any CPU.Build.0 = Debug|Any CPU
		{67DA0EFB-2279-42DB-9CED-336EF3E3B16E}.Release|Any CPU.ActiveCfg = Release|Any CPU
		{67DA0EFB-2279-42DB-9CED-336EF3E3B16E}.Release|Any CPU.Build.0 = Release|Any CPU
		{24BE409A-47A3-45CC-B7F8-87D78B8845D8}.Debug|Any CPU.ActiveCfg = Debug|Any CPU
		{24BE409A-47A3-45CC-B7F8-87D78B8845D8}.Debug|Any CPU.Build.0 = Debug|Any CPU
		{24BE409A-47A3-45CC-B7F8-87D78B8845D8}.Release|Any CPU.ActiveCfg = Release|Any CPU
		{24BE409A-47A3-45CC-B7F8-87D78B8845D8}.Release|Any CPU.Build.0 = Release|Any CPU
	EndGlobalSection
	GlobalSection(SolutionProperties) = preSolution
		HideSolutionNode = FALSE
	EndGlobalSection
	GlobalSection(ExtensibilityGlobals) = postSolution
		SolutionGuid = {6881BB74-6170-47DE-A0EB-747EC6C77600}
	EndGlobalSection
EndGlobal
